
Microsoft Visual Studio Solution File, Format Version 12.00
# Visual Studio Version 17
VisualStudioVersion = 17.10.34928.147
MinimumVisualStudioVersion = 10.0.40219.1
Project("{FAE04EC0-301F-11D3-BF4B-00C04F79EFBC}") = "Projeto_Teste1", "Projeto_Teste1\Projeto_Teste1.csproj", "{4A7FC58E-7C47-4FB3-82E3-EEA4052C3583}"
EndProject
Global
	GlobalSection(SolutionConfigurationPlatforms) = preSolution
		Debug|Any CPU = Debug|Any CPU
		Release|Any CPU = Release|Any CPU
	EndGlobalSection
	GlobalSection(ProjectConfigurationPlatforms) = postSolution
		{4A7FC58E-7C47-4FB3-82E3-EEA4052C3583}.Debug|Any CPU.ActiveCfg = Debug|Any CPU
		{4A7FC58E-7C47-4FB3-82E3-EEA4052C3583}.Debug|Any CPU.Build.0 = Debug|Any CPU
		{4A7FC58E-7C47-4FB3-82E3-EEA4052C3583}.Release|Any CPU.ActiveCfg = Release|Any CPU
		{4A7FC58E-7C47-4FB3-82E3-EEA4052C3583}.Release|Any CPU.Build.0 = Release|Any CPU
	EndGlobalSection
	GlobalSection(SolutionProperties) = preSolution
		HideSolutionNode = FALSE
	EndGlobalSection
	GlobalSection(ExtensibilityGlobals) = postSolution
		SolutionGuid = {0A33092D-C0FB-4D56-95C8-445C5882BE94}
	EndGlobalSection
EndGlobal
